{
  "nodes": {
    "nixpkgs": {
      "locked": {
        "lastModified": 1708929698,
        "narHash": "sha256-+oGTaVGq6u4cb4VTY2uWgVD5wz4UINwD+1v+B1ffRH4=",
        "owner": "nixos",
        "repo": "nixpkgs",
        "rev": "63bcf45969a636f6e4b15ebe7d20d61a68e4b576",
        "type": "github"
      },
      "original": {
        "owner": "nixos",
        "repo": "nixpkgs",
        "type": "github"
      }
    },
    "root": {
      "inputs": {
        "nixpkgs": "nixpkgs"
      }
    }
  },
  "root": "root",
  "version": 7
}
